
Microsoft Visual Studio Solution File, Format Version 12.00
# Visual Studio Version 16
VisualStudioVersion = 16.0.28803.156
MinimumVisualStudioVersion = 10.0.40219.1
Project("{FAE04EC0-301F-11D3-BF4B-00C04F79EFBC}") = "HelloHTML", "HelloHTML\HelloHTML.csproj", "{F5ABAFAA-48DD-4974-A97D-FE5598A139F4}"
EndProject
Project("{FAE04EC0-301F-11D3-BF4B-00C04F79EFBC}") = "RequestResponse", "RequestResponse\RequestResponse.csproj", "{484374A6-9A8E-41FE-801B-B8FEED587495}"
EndProject
Project("{FAE04EC0-301F-11D3-BF4B-00C04F79EFBC}") = "StateManagement", "StateManagement\StateManagement.csproj", "{A23C8E11-3929-4F25-986F-EBE2D7916D3B}"
EndProject
Project("{FAE04EC0-301F-11D3-BF4B-00C04F79EFBC}") = "WebControlExamples", "WebControlExample\WebControlExamples.csproj", "{C973FFC4-BA9A-4D7E-86B1-5C6F8EC3551B}"
EndProject
Project("{FAE04EC0-301F-11D3-BF4B-00C04F79EFBC}") = "HelloASPX", "HelloASPX\HelloASPX.csproj", "{3CCC3150-B9A0-4383-AEF6-B4C681EC6C07}"
EndProject
Project("{FAE04EC0-301F-11D3-BF4B-00C04F79EFBC}") = "UnitConverter", "UnitConverter\UnitConverter.csproj", "{16FBB721-72D8-48C8-994D-BEBA5D1E87A3}"
EndProject
Project("{FAE04EC0-301F-11D3-BF4B-00C04F79EFBC}") = "UnitConverterCSS", "UnitConverterCSS\UnitConverterCSS.csproj", "{7E00B562-F53F-4489-8F9D-494E26469982}"
EndProject
Project("{FAE04EC0-301F-11D3-BF4B-00C04F79EFBC}") = "DBBasics", "DBBasics\DBBasics.csproj", "{701989A1-1286-407A-B7C3-302AFD51900F}"
EndProject
Project("{FAE04EC0-301F-11D3-BF4B-00C04F79EFBC}") = "DBVisual", "DBVisual\DBVisual.csproj", "{CEA14887-0984-4548-AA67-6DCB1AC31F57}"
EndProject
Global
	GlobalSection(SolutionConfigurationPlatforms) = preSolution
		Debug|Any CPU = Debug|Any CPU
		Release|Any CPU = Release|Any CPU
	EndGlobalSection
	GlobalSection(ProjectConfigurationPlatforms) = postSolution
		{F5ABAFAA-48DD-4974-A97D-FE5598A139F4}.Debug|Any CPU.ActiveCfg = Debug|Any CPU
		{F5ABAFAA-48DD-4974-A97D-FE5598A139F4}.Debug|Any CPU.Build.0 = Debug|Any CPU
		{F5ABAFAA-48DD-4974-A97D-FE5598A139F4}.Release|Any CPU.ActiveCfg = Release|Any CPU
		{F5ABAFAA-48DD-4974-A97D-FE5598A139F4}.Release|Any CPU.Build.0 = Release|Any CPU
		{484374A6-9A8E-41FE-801B-B8FEED587495}.Debug|Any CPU.ActiveCfg = Debug|Any CPU
		{484374A6-9A8E-41FE-801B-B8FEED587495}.Debug|Any CPU.Build.0 = Debug|Any CPU
		{484374A6-9A8E-41FE-801B-B8FEED587495}.Release|Any CPU.ActiveCfg = Release|Any CPU
		{484374A6-9A8E-41FE-801B-B8FEED587495}.Release|Any CPU.Build.0 = Release|Any CPU
		{A23C8E11-3929-4F25-986F-EBE2D7916D3B}.Debug|Any CPU.ActiveCfg = Debug|Any CPU
		{A23C8E11-3929-4F25-986F-EBE2D7916D3B}.Debug|Any CPU.Build.0 = Debug|Any CPU
		{A23C8E11-3929-4F25-986F-EBE2D7916D3B}.Release|Any CPU.ActiveCfg = Release|Any CPU
		{A23C8E11-3929-4F25-986F-EBE2D7916D3B}.Release|Any CPU.Build.0 = Release|Any CPU
		{C973FFC4-BA9A-4D7E-86B1-5C6F8EC3551B}.Debug|Any CPU.ActiveCfg = Debug|Any CPU
		{C973FFC4-BA9A-4D7E-86B1-5C6F8EC3551B}.Debug|Any CPU.Build.0 = Debug|Any CPU
		{C973FFC4-BA9A-4D7E-86B1-5C6F8EC3551B}.Release|Any CPU.ActiveCfg = Release|Any CPU
		{C973FFC4-BA9A-4D7E-86B1-5C6F8EC3551B}.Release|Any CPU.Build.0 = Release|Any CPU
		{3CCC3150-B9A0-4383-AEF6-B4C681EC6C07}.Debug|Any CPU.ActiveCfg = Debug|Any CPU
		{3CCC3150-B9A0-4383-AEF6-B4C681EC6C07}.Debug|Any CPU.Build.0 = Debug|Any CPU
		{3CCC3150-B9A0-4383-AEF6-B4C681EC6C07}.Release|Any CPU.ActiveCfg = Release|Any CPU
		{3CCC3150-B9A0-4383-AEF6-B4C681EC6C07}.Release|Any CPU.Build.0 = Release|Any CPU
		{16FBB721-72D8-48C8-994D-BEBA5D1E87A3}.Debug|Any CPU.ActiveCfg = Debug|Any CPU
		{16FBB721-72D8-48C8-994D-BEBA5D1E87A3}.Debug|Any CPU.Build.0 = Debug|Any CPU
		{16FBB721-72D8-48C8-994D-BEBA5D1E87A3}.Release|Any CPU.ActiveCfg = Release|Any CPU
		{16FBB721-72D8-48C8-994D-BEBA5D1E87A3}.Release|Any CPU.Build.0 = Release|Any CPU
		{7E00B562-F53F-4489-8F9D-494E26469982}.Debug|Any CPU.ActiveCfg = Debug|Any CPU
		{7E00B562-F53F-4489-8F9D-494E26469982}.Debug|Any CPU.Build.0 = Debug|Any CPU
		{7E00B562-F53F-4489-8F9D-494E26469982}.Release|Any CPU.ActiveCfg = Release|Any CPU
		{7E00B562-F53F-4489-8F9D-494E26469982}.Release|Any CPU.Build.0 = Release|Any CPU
		{701989A1-1286-407A-B7C3-302AFD51900F}.Debug|Any CPU.ActiveCfg = Debug|Any CPU
		{701989A1-1286-407A-B7C3-302AFD51900F}.Debug|Any CPU.Build.0 = Debug|Any CPU
		{701989A1-1286-407A-B7C3-302AFD51900F}.Release|Any CPU.ActiveCfg = Release|Any CPU
		{701989A1-1286-407A-B7C3-302AFD51900F}.Release|Any CPU.Build.0 = Release|Any CPU
		{CEA14887-0984-4548-AA67-6DCB1AC31F57}.Debug|Any CPU.ActiveCfg = Debug|Any CPU
		{CEA14887-0984-4548-AA67-6DCB1AC31F57}.Debug|Any CPU.Build.0 = Debug|Any CPU
		{CEA14887-0984-4548-AA67-6DCB1AC31F57}.Release|Any CPU.ActiveCfg = Release|Any CPU
		{CEA14887-0984-4548-AA67-6DCB1AC31F57}.Release|Any CPU.Build.0 = Release|Any CPU
	EndGlobalSection
	GlobalSection(SolutionProperties) = preSolution
		HideSolutionNode = FALSE
	EndGlobalSection
	GlobalSection(ExtensibilityGlobals) = postSolution
		SolutionGuid = {1EDCEDDE-C24F-4053-8FC6-471D2BC526FD}
	EndGlobalSection
EndGlobal
