
Microsoft Visual Studio Solution File, Format Version 11.00
# Visual Studio 2010
Project("{FAE04EC0-301F-11D3-BF4B-00C04F79EFBC}") = "RequestResponse", "RequestResponse\RequestResponse.csproj", "{484374A6-9A8E-41FE-801B-B8FEED587495}"
EndProject
Global
	GlobalSection(SolutionConfigurationPlatforms) = preSolution
		Debug|Any CPU = Debug|Any CPU
		Release|Any CPU = Release|Any CPU
	EndGlobalSection
	GlobalSection(ProjectConfigurationPlatforms) = postSolution
		{484374A6-9A8E-41FE-801B-B8FEED587495}.Debug|Any CPU.ActiveCfg = Debug|Any CPU
		{484374A6-9A8E-41FE-801B-B8FEED587495}.Debug|Any CPU.Build.0 = Debug|Any CPU
		{484374A6-9A8E-41FE-801B-B8FEED587495}.Release|Any CPU.ActiveCfg = Release|Any CPU
		{484374A6-9A8E-41FE-801B-B8FEED587495}.Release|Any CPU.Build.0 = Release|Any CPU
	EndGlobalSection
	GlobalSection(SolutionProperties) = preSolution
		HideSolutionNode = FALSE
	EndGlobalSection
EndGlobal
