
Microsoft Visual Studio Solution File, Format Version 11.00
# Visual Studio 2010
Project("{FAE04EC0-301F-11D3-BF4B-00C04F79EFBC}") = "StateManagement", "StateManagement\StateManagement.csproj", "{A23C8E11-3929-4F25-986F-EBE2D7916D3B}"
EndProject
Global
	GlobalSection(SolutionConfigurationPlatforms) = preSolution
		Debug|Any CPU = Debug|Any CPU
		Release|Any CPU = Release|Any CPU
	EndGlobalSection
	GlobalSection(ProjectConfigurationPlatforms) = postSolution
		{A23C8E11-3929-4F25-986F-EBE2D7916D3B}.Debug|Any CPU.ActiveCfg = Debug|Any CPU
		{A23C8E11-3929-4F25-986F-EBE2D7916D3B}.Debug|Any CPU.Build.0 = Debug|Any CPU
		{A23C8E11-3929-4F25-986F-EBE2D7916D3B}.Release|Any CPU.ActiveCfg = Release|Any CPU
		{A23C8E11-3929-4F25-986F-EBE2D7916D3B}.Release|Any CPU.Build.0 = Release|Any CPU
	EndGlobalSection
	GlobalSection(SolutionProperties) = preSolution
		HideSolutionNode = FALSE
	EndGlobalSection
EndGlobal
